PODS:
  - AWSAuthCore (2.6.28):
    - AWSCore (= 2.6.28)
  - AWSCognitoIdentityProvider (2.6.28):
    - AWSCognitoIdentityProviderASF (= 1.0.1)
    - AWSCore (= 2.6.28)
  - AWSCognitoIdentityProviderASF (1.0.1)
  - AWSCore (2.6.28)
  - AWSMobileClient (2.6.28):
    - AWSAuthCore (= 2.6.28)
  - AWSS3 (2.6.28):
    - AWSCore (= 2.6.28)
  - AWSUserPoolsSignIn (2.6.28):
    - AWSAuthCore (= 2.6.28)
    - AWSCognitoIdentityProvider (= 2.6.28)

DEPENDENCIES:
  - AWSMobileClient (~> 2.6.13)
  - AWSS3
  - AWSUserPoolsSignIn (~> 2.6.13)

SPEC REPOS:
  https://github.com/cocoapods/specs.git:
    - AWSAuthCore
    - AWSCognitoIdentityProvider
    - AWSCognitoIdentityProviderASF
    - AWSCore
    - AWSMobileClient
    - AWSS3
    - AWSUserPoolsSignIn

SPEC CHECKSUMS:
  AWSAuthCore: 0cac96d75993f2d13c5a357b88e965ae497c9eb7
  AWSCognitoIdentityProvider: 9eec83ce5774fc7bf1d9abaa6d74e077acc763ef
  AWSCognitoIdentityProviderASF: f94f1a502e72ef3d0a1de93e10bf7a79c8698118
  AWSCore: f75fcf5b2f4325da49ae1f7cb5484778d3b0acc6
  AWSMobileClient: e7b73edb915a71e3f3809382b9290fdf19da49a5
  AWSS3: ca0ba62719281d7a39e50bbd0c6b8ef6e11943c9
  AWSUserPoolsSignIn: 8383829e97d2a47984276fc7260f3bdfeddc6d2e

PODFILE CHECKSUM: 2355877eec049e341149ed1556fda84f79721c95

COCOAPODS: 1.5.3
