// !$*UTF8*$!
{
	archiveVersion = 1;
	classes = {
	};
	objectVersion = 50;
	objects = {

/* Begin PBXBuildFile section */
		58D4AC12212C6002005E26FD /* AppDelegate.swift in Sources */ = {isa = PBXBuildFile; fileRef = 58D4AC11212C6002005E26FD /* AppDelegate.swift */; };
		58D4AC14212C6002005E26FD /* MasterViewController.swift in Sources */ = {isa = PBXBuildFile; fileRef = 58D4AC13212C6002005E26FD /* MasterViewController.swift */; };
		58D4AC16212C6002005E26FD /* DetailViewController.swift in Sources */ = {isa = PBXBuildFile; fileRef = 58D4AC15212C6002005E26FD /* DetailViewController.swift */; };
		58D4AC19212C6002005E26FD /* Main.storyboard in Resources */ = {isa = PBXBuildFile; fileRef = 58D4AC17212C6002005E26FD /* Main.storyboard */; };
		58D4AC1B212C6003005E26FD /* Assets.xcassets in Resources */ = {isa = PBXBuildFile; fileRef = 58D4AC1A212C6003005E26FD /* Assets.xcassets */; };
		58D4AC1E212C6003005E26FD /* LaunchScreen.storyboard in Resources */ = {isa = PBXBuildFile; fileRef = 58D4AC1C212C6003005E26FD /* LaunchScreen.storyboard */; };
/* End PBXBuildFile section */

/* Begin PBXFileReference section */
		58D4AC0E212C6002005E26FD /* MotoManuals.app */ = {isa = PBXFileReference; explicitFileType = wrapper.application; includeInIndex = 0; path = MotoManuals.app; sourceTree = BUILT_PRODUCTS_DIR; };
		58D4AC11212C6002005E26FD /* AppDelegate.swift */ = {isa = PBXFileReference; lastKnownFileType = sourcecode.swift; path = AppDelegate.swift; sourceTree = "<group>"; };
		58D4AC13212C6002005E26FD /* MasterViewController.swift */ = {isa = PBXFileReference; lastKnownFileType = sourcecode.swift; path = MasterViewController.swift; sourceTree = "<group>"; };
		58D4AC15212C6002005E26FD /* DetailViewController.swift */ = {isa = PBXFileReference; lastKnownFileType = sourcecode.swift; path = DetailViewController.swift; sourceTree = "<group>"; };
		58D4AC18212C6002005E26FD /* Base */ = {isa = PBXFileReference; lastKnownFileType = file.storyboard; name = Base; path = Base.lproj/Main.storyboard; sourceTree = "<group>"; };
		58D4AC1A212C6003005E26FD /* Assets.xcassets */ = {isa = PBXFileReference; lastKnownFileType = folder.assetcatalog; path = Assets.xcassets; sourceTree = "<group>"; };
		58D4AC1D212C6003005E26FD /* Base */ = {isa = PBXFileReference; lastKnownFileType = file.storyboard; name = Base; path = Base.lproj/LaunchScreen.storyboard; sourceTree = "<group>"; };
		58D4AC1F212C6004005E26FD /* Info.plist */ = {isa = PBXFileReference; lastKnownFileType = text.plist.xml; path = Info.plist; sourceTree = "<group>"; };
/* End PBXFileReference section */

/* Begin PBXFrameworksBuildPhase section */
		58D4AC0B212C6002005E26FD /* Frameworks */ = {
			isa = PBXFrameworksBuildPhase;
			buildActionMask = 2147483647;
			files = (
			);
			runOnlyForDeploymentPostprocessing = 0;
		};
/* End PBXFrameworksBuildPhase section */

/* Begin PBXGroup section */
		58D4AC05212C6002005E26FD = {
			isa = PBXGroup;
			children = (
				58D4AC10212C6002005E26FD /* MotoManuals */,
				58D4AC0F212C6002005E26FD /* Products */,
			);
			sourceTree = "<group>";
		};
		58D4AC0F212C6002005E26FD /* Products */ = {
			isa = PBXGroup;
			children = (
				58D4AC0E212C6002005E26FD /* MotoManuals.app */,
			);
			name = Products;
			sourceTree = "<group>";
		};
		58D4AC10212C6002005E26FD /* MotoManuals */ = {
			isa = PBXGroup;
			children = (
				58D4AC11212C6002005E26FD /* AppDelegate.swift */,
				58D4AC13212C6002005E26FD /* MasterViewController.swift */,
				58D4AC15212C6002005E26FD /* DetailViewController.swift */,
				58D4AC17212C6002005E26FD /* Main.storyboard */,
				58D4AC1A212C6003005E26FD /* Assets.xcassets */,
				58D4AC1C212C6003005E26FD /* LaunchScreen.storyboard */,
				58D4AC1F212C6004005E26FD /* Info.plist */,
			);
			path = MotoManuals;
			sourceTree = "<group>";
		};
/* End PBXGroup section */

/* Begin PBXNativeTarget section */
		58D4AC0D212C6002005E26FD /* MotoManuals */ = {
			isa = PBXNativeTarget;
			buildConfigurationList = 58D4AC22212C6004005E26FD /* Build configuration list for PBXNativeTarget "MotoManuals" */;
			buildPhases = (
				58D4AC0A212C6002005E26FD /* Sources */,
				58D4AC0B212C6002005E26FD /* Frameworks */,
				58D4AC0C212C6002005E26FD /* Resources */,
			);
			buildRules = (
			);
			dependencies = (
			);
			name = MotoManuals;
			productName = MotoManuals;
			productReference = 58D4AC0E212C6002005E26FD /* MotoManuals.app */;
			productType = "com.apple.product-type.application";
		};
/* End PBXNativeTarget section */

/* Begin PBXProject section */
		58D4AC06212C6002005E26FD /* Project object */ = {
			isa = PBXProject;
			attributes = {
				LastSwiftUpdateCheck = 0940;
				LastUpgradeCheck = 0940;
				ORGANIZATIONNAME = "Phillip Ayers";
				TargetAttributes = {
					58D4AC0D212C6002005E26FD = {
						CreatedOnToolsVersion = 9.4.1;
					};
				};
			};
			buildConfigurationList = 58D4AC09212C6002005E26FD /* Build configuration list for PBXProject "MotoManuals" */;
			compatibilityVersion = "Xcode 9.3";
			developmentRegion = en;
			hasScannedForEncodings = 0;
			knownRegions = (
				en,
				Base,
			);
			mainGroup = 58D4AC05212C6002005E26FD;
			productRefGroup = 58D4AC0F212C6002005E26FD /* Products */;
			projectDirPath = "";
			projectRoot = "";
			targets = (
				58D4AC0D212C6002005E26FD /* MotoManuals */,
			);
		};
/* End PBXProject section */

/* Begin PBXResourcesBuildPhase section */
		58D4AC0C212C6002005E26FD /* Resources */ = {
			isa = PBXResourcesBuildPhase;
			buildActionMask = 2147483647;
			files = (
				58D4AC1E212C6003005E26FD /* LaunchScreen.storyboard in Resources */,
				58D4AC1B212C6003005E26FD /* Assets.xcassets in Resources */,
				58D4AC19212C6002005E26FD /* Main.storyboard in Resources */,
			);
			runOnlyForDeploymentPostprocessing = 0;
		};
/* End PBXResourcesBuildPhase section */

/* Begin PBXSourcesBuildPhase section */
		58D4AC0A212C6002005E26FD /* Sources */ = {
			isa = PBXSourcesBuildPhase;
			buildActionMask = 2147483647;
			files = (
				58D4AC16212C6002005E26FD /* DetailViewController.swift in Sources */,
				58D4AC14212C6002005E26FD /* MasterViewController.swift in Sources */,
				58D4AC12212C6002005E26FD /* AppDelegate.swift in Sources */,
			);
			runOnlyForDeploymentPostprocessing = 0;
		};
/* End PBXSourcesBuildPhase section */

/* Begin PBXVariantGroup section */
		58D4AC17212C6002005E26FD /* Main.storyboard */ = {
			isa = PBXVariantGroup;
			children = (
				58D4AC18212C6002005E26FD /* Base */,
			);
			name = Main.storyboard;
			sourceTree = "<group>";
		};
		58D4AC1C212C6003005E26FD /* LaunchScreen.storyboard */ = {
			isa = PBXVariantGroup;
			children = (
				58D4AC1D212C6003005E26FD /* Base */,
			);
			name = LaunchScreen.storyboard;
			sourceTree = "<group>";
		};
/* End PBXVariantGroup section */

/* Begin XCBuildConfiguration section */
		58D4AC20212C6004005E26FD /* Debug */ = {
			isa = XCBuildConfiguration;
			buildSettings = {
				ALWAYS_SEARCH_USER_PATHS = NO;
				CLANG_ANALYZER_NONNULL = YES;
				CLANG_ANALYZER_NUMBER_OBJECT_CONVERSION = YES_AGGRESSIVE;
				CLANG_CXX_LANGUAGE_STANDARD = "gnu++14";
				CLANG_CXX_LIBRARY = "libc++";
				CLANG_ENABLE_MODULES = YES;
				CLANG_ENABLE_OBJC_ARC = YES;
				CLANG_ENABLE_OBJC_WEAK = YES;
				CLANG_WARN_BLOCK_CAPTURE_AUTORELEASING = YES;
				CLANG_WARN_BOOL_CONVERSION = YES;
				CLANG_WARN_COMMA = YES;
				CLANG_WARN_CONSTANT_CONVERSION = YES;
				CLANG_WARN_DEPRECATED_OBJC_IMPLEMENTATIONS = YES;
				CLANG_WARN_DIRECT_OBJC_ISA_USAGE = YES_ERROR;
				CLANG_WARN_DOCUMENTATION_COMMENTS = YES;
				CLANG_WARN_EMPTY_BODY = YES;
				CLANG_WARN_ENUM_CONVERSION = YES;
				CLANG_WARN_INFINITE_RECURSION = YES;
				CLANG_WARN_INT_CONVERSION = YES;
				CLANG_WARN_NON_LITERAL_NULL_CONVERSION = YES;
				CLANG_WARN_OBJC_IMPLICIT_RETAIN_SELF = YES;
				CLANG_WARN_OBJC_LITERAL_CONVERSION = YES;
				CLANG_WARN_OBJC_ROOT_CLASS = YES_ERROR;
				CLANG_WARN_RANGE_LOOP_ANALYSIS = YES;
				CLANG_WARN_STRICT_PROTOTYPES = YES;
				CLANG_WARN_SUSPICIOUS_MOVE = YES;
				CLANG_WARN_UNGUARDED_AVAILABILITY = YES_AGGRESSIVE;
				CLANG_WARN_UNREACHABLE_CODE = YES;
				CLANG_WARN__DUPLICATE_METHOD_MATCH = YES;
				CODE_SIGN_IDENTITY = "iPhone Developer";
				COPY_PHASE_STRIP = NO;
				DEBUG_INFORMATION_FORMAT = dwarf;
				ENABLE_STRICT_OBJC_MSGSEND = YES;
				ENABLE_TESTABILITY = YES;
				GCC_C_LANGUAGE_STANDARD = gnu11;
				GCC_DYNAMIC_NO_PIC = NO;
				GCC_NO_COMMON_BLOCKS = YES;
				GCC_OPTIMIZATION_LEVEL = 0;
				GCC_PREPROCESSOR_DEFINITIONS = (
					"DEBUG=1",
					"$(inherited)",
				);
				GCC_WARN_64_TO_32_BIT_CONVERSION = YES;
				GCC_WARN_ABOUT_RETURN_TYPE = YES_ERROR;
				GCC_WARN_UNDECLARED_SELECTOR = YES;
				GCC_WARN_UNINITIALIZED_AUTOS = YES_AGGRESSIVE;
				GCC_WARN_UNUSED_FUNCTION = YES;
				GCC_WARN_UNUSED_VARIABLE = YES;
				IPHONEOS_DEPLOYMENT_TARGET = 11.4;
				MTL_ENABLE_DEBUG_INFO = YES;
				ONLY_ACTIVE_ARCH = YES;
				SDKROOT = iphoneos;
				SWIFT_ACTIVE_COMPILATION_CONDITIONS = DEBUG;
				SWIFT_OPTIMIZATION_LEVEL = "-Onone";
			};
			name = Debug;
		};
		58D4AC21212C6004005E26FD /* Release */ = {
			isa = XCBuildConfiguration;
			buildSettings = {
				ALWAYS_SEARCH_USER_PATHS = NO;
				CLANG_ANALYZER_NONNULL = YES;
				CLANG_ANALYZER_NUMBER_OBJECT_CONVERSION = YES_AGGRESSIVE;
				CLANG_CXX_LANGUAGE_STANDARD = "gnu++14";
				CLANG_CXX_LIBRARY = "libc++";
				CLANG_ENABLE_MODULES = YES;
				CLANG_ENABLE_OBJC_ARC = YES;
				CLANG_ENABLE_OBJC_WEAK = YES;
				CLANG_WARN_BLOCK_CAPTURE_AUTORELEASING = YES;
				CLANG_WARN_BOOL_CONVERSION = YES;
				CLANG_WARN_COMMA = YES;
				CLANG_WARN_CONSTANT_CONVERSION = YES;
				CLANG_WARN_DEPRECATED_OBJC_IMPLEMENTATIONS = YES;
				CLANG_WARN_DIRECT_OBJC_ISA_USAGE = YES_ERROR;
				CLANG_WARN_DOCUMENTATION_COMMENTS = YES;
				CLANG_WARN_EMPTY_BODY = YES;
				CLANG_WARN_ENUM_CONVERSION = YES;
				CLANG_WARN_INFINITE_RECURSION = YES;
				CLANG_WARN_INT_CONVERSION = YES;
				CLANG_WARN_NON_LITERAL_NULL_CONVERSION = YES;
				CLANG_WARN_OBJC_IMPLICIT_RETAIN_SELF = YES;
				CLANG_WARN_OBJC_LITERAL_CONVERSION = YES;
				CLANG_WARN_OBJC_ROOT_CLASS = YES_ERROR;
				CLANG_WARN_RANGE_LOOP_ANALYSIS = YES;
				CLANG_WARN_STRICT_PROTOTYPES = YES;
				CLANG_WARN_SUSPICIOUS_MOVE = YES;
				CLANG_WARN_UNGUARDED_AVAILABILITY = YES_AGGRESSIVE;
				CLANG_WARN_UNREACHABLE_CODE = YES;
				CLANG_WARN__DUPLICATE_METHOD_MATCH = YES;
				CODE_SIGN_IDENTITY = "iPhone Developer";
				COPY_PHASE_STRIP = NO;
				DEBUG_INFORMATION_FORMAT = "dwarf-with-dsym";
				ENABLE_NS_ASSERTIONS = NO;
				ENABLE_STRICT_OBJC_MSGSEND = YES;
				GCC_C_LANGUAGE_STANDARD = gnu11;
				GCC_NO_COMMON_BLOCKS = YES;
				GCC_WARN_64_TO_32_BIT_CONVERSION = YES;
				GCC_WARN_ABOUT_RETURN_TYPE = YES_ERROR;
				GCC_WARN_UNDECLARED_SELECTOR = YES;
				GCC_WARN_UNINITIALIZED_AUTOS = YES_AGGRESSIVE;
				GCC_WARN_UNUSED_FUNCTION = YES;
				GCC_WARN_UNUSED_VARIABLE = YES;
				IPHONEOS_DEPLOYMENT_TARGET = 11.4;
				MTL_ENABLE_DEBUG_INFO = NO;
				SDKROOT = iphoneos;
				SWIFT_COMPILATION_MODE = wholemodule;
				SWIFT_OPTIMIZATION_LEVEL = "-O";
				VALIDATE_PRODUCT = YES;
			};
			name = Release;
		};
		58D4AC23212C6004005E26FD /* Debug */ = {
			isa = XCBuildConfiguration;
			buildSettings = {
				ASSETCATALOG_COMPILER_APPICON_NAME = AppIcon;
				CODE_SIGN_STYLE = Automatic;
				DEVELOPMENT_TEAM = UHY669RJSP;
				INFOPLIST_FILE = MotoManuals/Info.plist;
				LD_RUNPATH_SEARCH_PATHS = (
					"$(inherited)",
					"@executable_path/Frameworks",
				);
				PRODUCT_BUNDLE_IDENTIFIER = payers.MotoManuals;
				PRODUCT_NAME = "$(TARGET_NAME)";
				SWIFT_VERSION = 4.0;
				TARGETED_DEVICE_FAMILY = "1,2";
			};
			name = Debug;
		};
		58D4AC24212C6004005E26FD /* Release */ = {
			isa = XCBuildConfiguration;
			buildSettings = {
				ASSETCATALOG_COMPILER_APPICON_NAME = AppIcon;
				CODE_SIGN_STYLE = Automatic;
				DEVELOPMENT_TEAM = UHY669RJSP;
				INFOPLIST_FILE = MotoManuals/Info.plist;
				LD_RUNPATH_SEARCH_PATHS = (
					"$(inherited)",
					"@executable_path/Frameworks",
				);
				PRODUCT_BUNDLE_IDENTIFIER = payers.MotoManuals;
				PRODUCT_NAME = "$(TARGET_NAME)";
				SWIFT_VERSION = 4.0;
				TARGETED_DEVICE_FAMILY = "1,2";
			};
			name = Release;
		};
/* End XCBuildConfiguration section */

/* Begin XCConfigurationList section */
		58D4AC09212C6002005E26FD /* Build configuration list for PBXProject "MotoManuals" */ = {
			isa = XCConfigurationList;
			buildConfigurations = (
				58D4AC20212C6004005E26FD /* Debug */,
				58D4AC21212C6004005E26FD /* Release */,
			);
			defaultConfigurationIsVisible = 0;
			defaultConfigurationName = Release;
		};
		58D4AC22212C6004005E26FD /* Build configuration list for PBXNativeTarget "MotoManuals" */ = {
			isa = XCConfigurationList;
			buildConfigurations = (
				58D4AC23212C6004005E26FD /* Debug */,
				58D4AC24212C6004005E26FD /* Release */,
			);
			defaultConfigurationIsVisible = 0;
			defaultConfigurationName = Release;
		};
/* End XCConfigurationList section */
	};
	rootObject = 58D4AC06212C6002005E26FD /* Project object */;
}
